
Microsoft Visual Studio Solution File, Format Version 12.00
# Visual Studio 15
VisualStudioVersion = 15.0.26124.0
MinimumVisualStudioVersion = 15.0.26124.0
Project("{FAE04EC0-301F-11D3-BF4B-00C04F79EFBC}") = "Fac.Service", "Fac.Service\Fac.Service.csproj", "{D64B51FB-0FB2-443F-9F0A-F44315420923}"
EndProject
Project("{FAE04EC0-301F-11D3-BF4B-00C04F79EFBC}") = "Mib.Processor", "Mib.Processor\Mib.Processor.csproj", "{0DCDADE5-8834-4D1D-93C0-D5D7CA181214}"
EndProject
Project("{FAE04EC0-301F-11D3-BF4B-00C04F79EFBC}") = "MibHub.Processor", "MibHub.Processor\MibHub.Processor.csproj", "{ABF30B21-A994-4845-8FA5-3FB37A2CE360}"
EndProject
Global
	GlobalSection(SolutionConfigurationPlatforms) = preSolution
		Debug|Any CPU = Debug|Any CPU
		Debug|x64 = Debug|x64
		Debug|x86 = Debug|x86
		Release|Any CPU = Release|Any CPU
		Release|x64 = Release|x64
		Release|x86 = Release|x86
	EndGlobalSection
	GlobalSection(SolutionProperties) = preSolution
		HideSolutionNode = FALSE
	EndGlobalSection
	GlobalSection(ProjectConfigurationPlatforms) = postSolution
		{D64B51FB-0FB2-443F-9F0A-F44315420923}.Debug|Any CPU.ActiveCfg = Debug|Any CPU
		{D64B51FB-0FB2-443F-9F0A-F44315420923}.Debug|Any CPU.Build.0 = Debug|Any CPU
		{D64B51FB-0FB2-443F-9F0A-F44315420923}.Debug|x64.ActiveCfg = Debug|Any CPU
		{D64B51FB-0FB2-443F-9F0A-F44315420923}.Debug|x64.Build.0 = Debug|Any CPU
		{D64B51FB-0FB2-443F-9F0A-F44315420923}.Debug|x86.ActiveCfg = Debug|Any CPU
		{D64B51FB-0FB2-443F-9F0A-F44315420923}.Debug|x86.Build.0 = Debug|Any CPU
		{D64B51FB-0FB2-443F-9F0A-F44315420923}.Release|Any CPU.ActiveCfg = Release|Any CPU
		{D64B51FB-0FB2-443F-9F0A-F44315420923}.Release|Any CPU.Build.0 = Release|Any CPU
		{D64B51FB-0FB2-443F-9F0A-F44315420923}.Release|x64.ActiveCfg = Release|Any CPU
		{D64B51FB-0FB2-443F-9F0A-F44315420923}.Release|x64.Build.0 = Release|Any CPU
		{D64B51FB-0FB2-443F-9F0A-F44315420923}.Release|x86.ActiveCfg = Release|Any CPU
		{D64B51FB-0FB2-443F-9F0A-F44315420923}.Release|x86.Build.0 = Release|Any CPU
		{0DCDADE5-8834-4D1D-93C0-D5D7CA181214}.Debug|Any CPU.ActiveCfg = Debug|Any CPU
		{0DCDADE5-8834-4D1D-93C0-D5D7CA181214}.Debug|Any CPU.Build.0 = Debug|Any CPU
		{0DCDADE5-8834-4D1D-93C0-D5D7CA181214}.Debug|x64.ActiveCfg = Debug|Any CPU
		{0DCDADE5-8834-4D1D-93C0-D5D7CA181214}.Debug|x64.Build.0 = Debug|Any CPU
		{0DCDADE5-8834-4D1D-93C0-D5D7CA181214}.Debug|x86.ActiveCfg = Debug|Any CPU
		{0DCDADE5-8834-4D1D-93C0-D5D7CA181214}.Debug|x86.Build.0 = Debug|Any CPU
		{0DCDADE5-8834-4D1D-93C0-D5D7CA181214}.Release|Any CPU.ActiveCfg = Release|Any CPU
		{0DCDADE5-8834-4D1D-93C0-D5D7CA181214}.Release|Any CPU.Build.0 = Release|Any CPU
		{0DCDADE5-8834-4D1D-93C0-D5D7CA181214}.Release|x64.ActiveCfg = Release|Any CPU
		{0DCDADE5-8834-4D1D-93C0-D5D7CA181214}.Release|x64.Build.0 = Release|Any CPU
		{0DCDADE5-8834-4D1D-93C0-D5D7CA181214}.Release|x86.ActiveCfg = Release|Any CPU
		{0DCDADE5-8834-4D1D-93C0-D5D7CA181214}.Release|x86.Build.0 = Release|Any CPU
		{ABF30B21-A994-4845-8FA5-3FB37A2CE360}.Debug|Any CPU.ActiveCfg = Debug|Any CPU
		{ABF30B21-A994-4845-8FA5-3FB37A2CE360}.Debug|Any CPU.Build.0 = Debug|Any CPU
		{ABF30B21-A994-4845-8FA5-3FB37A2CE360}.Debug|x64.ActiveCfg = Debug|Any CPU
		{ABF30B21-A994-4845-8FA5-3FB37A2CE360}.Debug|x64.Build.0 = Debug|Any CPU
		{ABF30B21-A994-4845-8FA5-3FB37A2CE360}.Debug|x86.ActiveCfg = Debug|Any CPU
		{ABF30B21-A994-4845-8FA5-3FB37A2CE360}.Debug|x86.Build.0 = Debug|Any CPU
		{ABF30B21-A994-4845-8FA5-3FB37A2CE360}.Release|Any CPU.ActiveCfg = Release|Any CPU
		{ABF30B21-A994-4845-8FA5-3FB37A2CE360}.Release|Any CPU.Build.0 = Release|Any CPU
		{ABF30B21-A994-4845-8FA5-3FB37A2CE360}.Release|x64.ActiveCfg = Release|Any CPU
		{ABF30B21-A994-4845-8FA5-3FB37A2CE360}.Release|x64.Build.0 = Release|Any CPU
		{ABF30B21-A994-4845-8FA5-3FB37A2CE360}.Release|x86.ActiveCfg = Release|Any CPU
		{ABF30B21-A994-4845-8FA5-3FB37A2CE360}.Release|x86.Build.0 = Release|Any CPU
	EndGlobalSection
EndGlobal
